{
  "name": "El_manual_del_estudiante",
  "lockfileVersion": 2,
  "requires": true,
  "packages": {
    "": {
      "dependencies": {
        "flowchart-diagram-editor": "^1.0.1",
        "mxgraph": "^4.2.2"
      },
      "devDependencies": {
        "@typed-mxgraph/typed-mxgraph": "^1.0.7"
      }
    },
    "node_modules/@typed-mxgraph/typed-mxgraph": {
      "version": "1.0.7",
      "resolved": "https://registry.npmjs.org/@typed-mxgraph/typed-mxgraph/-/typed-mxgraph-1.0.7.tgz",
      "integrity": "sha512-TKAgWWcZrBeKglzJ+H6/T4uE6WHHTdL2Nu7xOuQnCm5z4D0poZpn6JSa0FUHYa4HeJuuSFVzFiXkbGY4MqJSYA==",
      "dev": true
    },
    "node_modules/flowchart-diagram-editor": {
      "version": "1.0.1",
      "resolved": "https://registry.npmjs.org/flowchart-diagram-editor/-/flowchart-diagram-editor-1.0.1.tgz",
      "integrity": "sha512-DYWMmEzK6uZqDSPgA9j7LxHKHUDl00iWsp9S52LkkDkSol/8Qm/8KtaPwfAX+rISc/4AgtEeCY66m4mOj3CAYw=="
    },
    "node_modules/mxgraph": {
      "version": "4.2.2",
      "resolved": "https://registry.npmjs.org/mxgraph/-/mxgraph-4.2.2.tgz",
      "integrity": "sha512-FrJc5AxzXSqiQNF+8CyJk6VxuKO4UVPgw32FZuFZ3X9W+JqOAQBTokZhh0ZkEqGpEOyp3z778ssmBTvdrTAdqw==",
      "deprecated": "Package no longer supported. Use at your own risk"
    }
  },
  "dependencies": {
    "@typed-mxgraph/typed-mxgraph": {
      "version": "1.0.7",
      "resolved": "https://registry.npmjs.org/@typed-mxgraph/typed-mxgraph/-/typed-mxgraph-1.0.7.tgz",
      "integrity": "sha512-TKAgWWcZrBeKglzJ+H6/T4uE6WHHTdL2Nu7xOuQnCm5z4D0poZpn6JSa0FUHYa4HeJuuSFVzFiXkbGY4MqJSYA==",
      "dev": true
    },
    "flowchart-diagram-editor": {
      "version": "1.0.1",
      "resolved": "https://registry.npmjs.org/flowchart-diagram-editor/-/flowchart-diagram-editor-1.0.1.tgz",
      "integrity": "sha512-DYWMmEzK6uZqDSPgA9j7LxHKHUDl00iWsp9S52LkkDkSol/8Qm/8KtaPwfAX+rISc/4AgtEeCY66m4mOj3CAYw=="
    },
    "mxgraph": {
      "version": "4.2.2",
      "resolved": "https://registry.npmjs.org/mxgraph/-/mxgraph-4.2.2.tgz",
      "integrity": "sha512-FrJc5AxzXSqiQNF+8CyJk6VxuKO4UVPgw32FZuFZ3X9W+JqOAQBTokZhh0ZkEqGpEOyp3z778ssmBTvdrTAdqw=="
    }
  }
}
